
Microsoft Visual Studio Solution File, Format Version 12.00
# Visual Studio Version 16
VisualStudioVersion = 16.0.31112.23
MinimumVisualStudioVersion = 10.0.40219.1
Project("{FAE04EC0-301F-11D3-BF4B-00C04F79EFBC}") = "ProyectoIntegrador2021", "ProyectoIntegrador2021\ProyectoIntegrador2021.csproj", "{D5B912F9-2C07-42BD-A7AF-9630793787F1}"
EndProject
Global
	GlobalSection(SolutionConfigurationPlatforms) = preSolution
		Debug|Any CPU = Debug|Any CPU
		Release|Any CPU = Release|Any CPU
	EndGlobalSection
	GlobalSection(ProjectConfigurationPlatforms) = postSolution
		{D5B912F9-2C07-42BD-A7AF-9630793787F1}.Debug|Any CPU.ActiveCfg = Debug|Any CPU
		{D5B912F9-2C07-42BD-A7AF-9630793787F1}.Debug|Any CPU.Build.0 = Debug|Any CPU
		{D5B912F9-2C07-42BD-A7AF-9630793787F1}.Release|Any CPU.ActiveCfg = Release|Any CPU
		{D5B912F9-2C07-42BD-A7AF-9630793787F1}.Release|Any CPU.Build.0 = Release|Any CPU
	EndGlobalSection
	GlobalSection(SolutionProperties) = preSolution
		HideSolutionNode = FALSE
	EndGlobalSection
	GlobalSection(ExtensibilityGlobals) = postSolution
		SolutionGuid = {ECDF917F-0BCF-4581-A655-47531B48A3C2}
	EndGlobalSection
EndGlobal
